
Microsoft Visual Studio Solution File, Format Version 12.00
# Visual Studio 14
VisualStudioVersion = 14.0.25420.1
MinimumVisualStudioVersion = 10.0.40219.1
Project("{FAE04EC0-301F-11D3-BF4B-00C04F79EFBC}") = "Lorenzo.ITS.FirstConsole", "Lorenzo.ITS.FirstConsole\Lorenzo.ITS.FirstConsole.csproj", "{4E8E7012-2229-4187-ABA0-F0924BBC743B}"
EndProject
Project("{FAE04EC0-301F-11D3-BF4B-00C04F79EFBC}") = "Lorenzo.ITS.FruitCounter", "FruitCounter\Lorenzo.ITS.FruitCounter.csproj", "{3D1A705B-E8E0-439D-B89A-B3CF9DE02DA2}"
EndProject
Project("{FAE04EC0-301F-11D3-BF4B-00C04F79EFBC}") = "Lorenzo.ITS.NetworkProvider", "NetworkProvider\Lorenzo.ITS.NetworkProvider.csproj", "{77A17F8D-062D-4708-9E74-05CB844CC0C7}"
EndProject
Global
	GlobalSection(SolutionConfigurationPlatforms) = preSolution
		Debug|Any CPU = Debug|Any CPU
		Release|Any CPU = Release|Any CPU
	EndGlobalSection
	GlobalSection(ProjectConfigurationPlatforms) = postSolution
		{4E8E7012-2229-4187-ABA0-F0924BBC743B}.Debug|Any CPU.ActiveCfg = Debug|Any CPU
		{4E8E7012-2229-4187-ABA0-F0924BBC743B}.Debug|Any CPU.Build.0 = Debug|Any CPU
		{4E8E7012-2229-4187-ABA0-F0924BBC743B}.Release|Any CPU.ActiveCfg = Release|Any CPU
		{4E8E7012-2229-4187-ABA0-F0924BBC743B}.Release|Any CPU.Build.0 = Release|Any CPU
		{3D1A705B-E8E0-439D-B89A-B3CF9DE02DA2}.Debug|Any CPU.ActiveCfg = Debug|Any CPU
		{3D1A705B-E8E0-439D-B89A-B3CF9DE02DA2}.Debug|Any CPU.Build.0 = Debug|Any CPU
		{3D1A705B-E8E0-439D-B89A-B3CF9DE02DA2}.Release|Any CPU.ActiveCfg = Release|Any CPU
		{3D1A705B-E8E0-439D-B89A-B3CF9DE02DA2}.Release|Any CPU.Build.0 = Release|Any CPU
		{77A17F8D-062D-4708-9E74-05CB844CC0C7}.Debug|Any CPU.ActiveCfg = Debug|Any CPU
		{77A17F8D-062D-4708-9E74-05CB844CC0C7}.Debug|Any CPU.Build.0 = Debug|Any CPU
		{77A17F8D-062D-4708-9E74-05CB844CC0C7}.Release|Any CPU.ActiveCfg = Release|Any CPU
		{77A17F8D-062D-4708-9E74-05CB844CC0C7}.Release|Any CPU.Build.0 = Release|Any CPU
	EndGlobalSection
	GlobalSection(SolutionProperties) = preSolution
		HideSolutionNode = FALSE
	EndGlobalSection
EndGlobal
